# THIS IS AN AUTOGENERATED FILE. DO NOT EDIT THIS FILE DIRECTLY.
# yarn lockfile v1


"@esbuild/aix-ppc64@0.25.7":
  version "0.25.7"
  resolved "https://registry.yarnpkg.com/@esbuild/aix-ppc64/-/aix-ppc64-0.25.7.tgz#6b9c2f9bc106e1cbb18d906a7b2f3ec77dcb114a"
  integrity sha512-uD0kKFHh6ETr8TqEtaAcV+dn/2qnYbH/+8wGEdY70Qf7l1l/jmBUbrmQqwiPKAQE6cOQ7dTj6Xr0HzQDGHyceQ==

"@esbuild/android-arm64@0.25.7":
  version "0.25.7"
  resolved "https://registry.yarnpkg.com/@esbuild/android-arm64/-/android-arm64-0.25.7.tgz#eb5621506f95ed36c4dc5b2ccda107e4318c8ca2"
  integrity sha512-p0ohDnwyIbAtztHTNUTzN5EGD/HJLs1bwysrOPgSdlIA6NDnReoVfoCyxG6W1d85jr2X80Uq5KHftyYgaK9LPQ==

"@esbuild/android-arm@0.25.7":
  version "0.25.7"
  resolved "https://registry.yarnpkg.com/@esbuild/android-arm/-/android-arm-0.25.7.tgz#cd6140b05fb2a73a0535e96b5f2e91ac24ce6d17"
  integrity sha512-Jhuet0g1k9rAJHrXGIh7sFknFuT4sfytYZpZpuZl7YKDhnPByVAm5oy2LEBmMbuYf3ejWVYCc2seX81Mk+madA==

"@esbuild/android-x64@0.25.7":
  version "0.25.7"
  resolved "https://registry.yarnpkg.com/@esbuild/android-x64/-/android-x64-0.25.7.tgz#7a55c3613875d11ab42eb9365bd0b147d992e4c0"
  integrity sha512-mMxIJFlSgVK23HSsII3ZX9T2xKrBCDGyk0qiZnIW10LLFFtZLkFD6imZHu7gUo2wkNZwS9Yj3mOtZD3ZPcjCcw==

"@esbuild/darwin-arm64@0.25.7":
  version "0.25.7"
  resolved "https://registry.yarnpkg.com/@esbuild/darwin-arm64/-/darwin-arm64-0.25.7.tgz#c10003a7ff8d3f6da05e879bc341854f282bafc5"
  integrity sha512-jyOFLGP2WwRwxM8F1VpP6gcdIJc8jq2CUrURbbTouJoRO7XCkU8GdnTDFIHdcifVBT45cJlOYsZ1kSlfbKjYUQ==

"@esbuild/darwin-x64@0.25.7":
  version "0.25.7"
  resolved "https://registry.yarnpkg.com/@esbuild/darwin-x64/-/darwin-x64-0.25.7.tgz#4fe71eb6315f21fbc93381a5ebb9c5b462559e48"
  integrity sha512-m9bVWqZCwQ1BthruifvG64hG03zzz9gE2r/vYAhztBna1/+qXiHyP9WgnyZqHgGeXoimJPhAmxfbeU+nMng6ZA==

"@esbuild/freebsd-arm64@0.25.7":
  version "0.25.7"
  resolved "https://registry.yarnpkg.com/@esbuild/freebsd-arm64/-/freebsd-arm64-0.25.7.tgz#af4af1d74867cbd838682543b71e23f205fcc9fa"
  integrity sha512-Bss7P4r6uhr3kDzRjPNEnTm/oIBdTPRNQuwaEFWT/uvt6A1YzK/yn5kcx5ZxZ9swOga7LqeYlu7bDIpDoS01bA==

"@esbuild/freebsd-x64@0.25.7":
  version "0.25.7"
  resolved "https://registry.yarnpkg.com/@esbuild/freebsd-x64/-/freebsd-x64-0.25.7.tgz#628d9525a9b56c17d6c43e73272c894ee1acbf7b"
  integrity sha512-S3BFyjW81LXG7Vqmr37ddbThrm3A84yE7ey/ERBlK9dIiaWgrjRlre3pbG7txh1Uaxz8N7wGGQXmC9zV+LIpBQ==

"@esbuild/linux-arm64@0.25.7":
  version "0.25.7"
  resolved "https://registry.yarnpkg.com/@esbuild/linux-arm64/-/linux-arm64-0.25.7.tgz#dfc3633a62b331a8bd3cc8ba538a11123fa79cba"
  integrity sha512-HfQZQqrNOfS1Okn7PcsGUqHymL1cWGBslf78dGvtrj8q7cN3FkapFgNA4l/a5lXDwr7BqP2BSO6mz9UremNPbg==

"@esbuild/linux-arm@0.25.7":
  version "0.25.7"
  resolved "https://registry.yarnpkg.com/@esbuild/linux-arm/-/linux-arm-0.25.7.tgz#a22d7f233809164f8fca9dde003543f6becd05d6"
  integrity sha512-JZMIci/1m5vfQuhKoFXogCKVYVfYQmoZJg8vSIMR4TUXbF+0aNlfXH3DGFEFMElT8hOTUF5hisdZhnrZO/bkDw==

"@esbuild/linux-ia32@0.25.7":
  version "0.25.7"
  resolved "https://registry.yarnpkg.com/@esbuild/linux-ia32/-/linux-ia32-0.25.7.tgz#ea97ec2b1e830ca64ec282acf9f6167af2828f58"
  integrity sha512-9Jex4uVpdeofiDxnwHRgen+j6398JlX4/6SCbbEFEXN7oMO2p0ueLN+e+9DdsdPLUdqns607HmzEFnxwr7+5wQ==

"@esbuild/linux-loong64@0.25.7":
  version "0.25.7"
  resolved "https://registry.yarnpkg.com/@esbuild/linux-loong64/-/linux-loong64-0.25.7.tgz#9b6db65f168eb5e71b62a345769db6add5b6208b"
  integrity sha512-TG1KJqjBlN9IHQjKVUYDB0/mUGgokfhhatlay8aZ/MSORMubEvj/J1CL8YGY4EBcln4z7rKFbsH+HeAv0d471w==

"@esbuild/linux-mips64el@0.25.7":
  version "0.25.7"
  resolved "https://registry.yarnpkg.com/@esbuild/linux-mips64el/-/linux-mips64el-0.25.7.tgz#9809b5ea6659dd5032d196e5605246a376e3172e"
  integrity sha512-Ty9Hj/lx7ikTnhOfaP7ipEm/ICcBv94i/6/WDg0OZ3BPBHhChsUbQancoWYSO0WNkEiSW5Do4febTTy4x1qYQQ==

"@esbuild/linux-ppc64@0.25.7":
  version "0.25.7"
  resolved "https://registry.yarnpkg.com/@esbuild/linux-ppc64/-/linux-ppc64-0.25.7.tgz#fd0de775f7e07af9655e9471d9b29cafebcb3420"
  integrity sha512-MrOjirGQWGReJl3BNQ58BLhUBPpWABnKrnq8Q/vZWWwAB1wuLXOIxS2JQ1LT3+5T+3jfPh0tyf5CpbyQHqnWIQ==

"@esbuild/linux-riscv64@0.25.7":
  version "0.25.7"
  resolved "https://registry.yarnpkg.com/@esbuild/linux-riscv64/-/linux-riscv64-0.25.7.tgz#58f98119dea0b85bedb80aa982a1d4779fd5d7a5"
  integrity sha512-9pr23/pqzyqIZEZmQXnFyqp3vpa+KBk5TotfkzGMqpw089PGm0AIowkUppHB9derQzqniGn3wVXgck19+oqiOw==

"@esbuild/linux-s390x@0.25.7":
  version "0.25.7"
  resolved "https://registry.yarnpkg.com/@esbuild/linux-s390x/-/linux-s390x-0.25.7.tgz#24ca2e4b4dbc99b76458a7e6f9235368192c9c24"
  integrity sha512-4dP11UVGh9O6Y47m8YvW8eoA3r8qL2toVZUbBKyGta8j6zdw1cn9F/Rt59/Mhv0OgY68pHIMjGXWOUaykCnx+w==

"@esbuild/linux-x64@0.25.7":
  version "0.25.7"
  resolved "https://registry.yarnpkg.com/@esbuild/linux-x64/-/linux-x64-0.25.7.tgz#01a61dc89e7109e7953c3ac9ffe42ecfa9f5786e"
  integrity sha512-ghJMAJTdw/0uhz7e7YnpdX1xVn7VqA0GrWrAO2qKMuqbvgHT2VZiBv1BQ//VcHsPir4wsL3P2oPggfKPzTKoCA==

"@esbuild/netbsd-arm64@0.25.7":
  version "0.25.7"
  resolved "https://registry.yarnpkg.com/@esbuild/netbsd-arm64/-/netbsd-arm64-0.25.7.tgz#0787eaea8d77206dc399b071c850a52c171a60a6"
  integrity sha512-bwXGEU4ua45+u5Ci/a55B85KWaDSRS8NPOHtxy2e3etDjbz23wlry37Ffzapz69JAGGc4089TBo+dGzydQmydg==

"@esbuild/netbsd-x64@0.25.7":
  version "0.25.7"
  resolved "https://registry.yarnpkg.com/@esbuild/netbsd-x64/-/netbsd-x64-0.25.7.tgz#72e32d765597ebadb797f70014ef7222470208f5"
  integrity sha512-tUZRvLtgLE5OyN46sPSYlgmHoBS5bx2URSrgZdW1L1teWPYVmXh+QN/sKDqkzBo/IHGcKcHLKDhBeVVkO7teEA==

"@esbuild/openbsd-arm64@0.25.7":
  version "0.25.7"
  resolved "https://registry.yarnpkg.com/@esbuild/openbsd-arm64/-/openbsd-arm64-0.25.7.tgz#88562540db7a4a23d6141a4a8fe5584d4b059022"
  integrity sha512-bTJ50aoC+WDlDGBReWYiObpYvQfMjBNlKztqoNUL0iUkYtwLkBQQeEsTq/I1KyjsKA5tyov6VZaPb8UdD6ci6Q==

"@esbuild/openbsd-x64@0.25.7":
  version "0.25.7"
  resolved "https://registry.yarnpkg.com/@esbuild/openbsd-x64/-/openbsd-x64-0.25.7.tgz#e19255bdc53fb1c4dc4f3b4266a1813bd948a1ea"
  integrity sha512-TA9XfJrgzAipFUU895jd9j2SyDh9bbNkK2I0gHcvqb/o84UeQkBpi/XmYX3cO1q/9hZokdcDqQxIi6uLVrikxg==

"@esbuild/openharmony-arm64@0.25.7":
  version "0.25.7"
  resolved "https://registry.yarnpkg.com/@esbuild/openharmony-arm64/-/openharmony-arm64-0.25.7.tgz#f22324f9ff20c46fcc7f364fe3f8a4a00f6194f3"
  integrity sha512-5VTtExUrWwHHEUZ/N+rPlHDwVFQ5aME7vRJES8+iQ0xC/bMYckfJ0l2n3yGIfRoXcK/wq4oXSItZAz5wslTKGw==

"@esbuild/sunos-x64@0.25.7":
  version "0.25.7"
  resolved "https://registry.yarnpkg.com/@esbuild/sunos-x64/-/sunos-x64-0.25.7.tgz#72818972a744dfc71d67300e3329c8f26ba7aea8"
  integrity sha512-umkbn7KTxsexhv2vuuJmj9kggd4AEtL32KodkJgfhNOHMPtQ55RexsaSrMb+0+jp9XL4I4o2y91PZauVN4cH3A==

"@esbuild/win32-arm64@0.25.7":
  version "0.25.7"
  resolved "https://registry.yarnpkg.com/@esbuild/win32-arm64/-/win32-arm64-0.25.7.tgz#fe3553fb539b994374a4d2a4ab4f931e351493fd"
  integrity sha512-j20JQGP/gz8QDgzl5No5Gr4F6hurAZvtkFxAKhiv2X49yi/ih8ECK4Y35YnjlMogSKJk931iNMcd35BtZ4ghfw==

"@esbuild/win32-ia32@0.25.7":
  version "0.25.7"
  resolved "https://registry.yarnpkg.com/@esbuild/win32-ia32/-/win32-ia32-0.25.7.tgz#4b7f9495f635ad697c7ce151b7066134327d4c75"
  integrity sha512-4qZ6NUfoiiKZfLAXRsvFkA0hoWVM+1y2bSHXHkpdLAs/+r0LgwqYohmfZCi985c6JWHhiXP30mgZawn/XrqAkQ==

"@esbuild/win32-x64@0.25.7":
  version "0.25.7"
  resolved "https://registry.yarnpkg.com/@esbuild/win32-x64/-/win32-x64-0.25.7.tgz#9105e612d6f760cbc29772dce928710bd92f749c"
  integrity sha512-FaPsAHTwm+1Gfvn37Eg3E5HIpfR3i6x1AIcla/MkqAIupD4BW3MrSeUqfoTzwwJhk3WE2/KqUn4/eenEJC76VA==

chokidar@^4.0.0:
  version "4.0.0"
  resolved "https://registry.yarnpkg.com/chokidar/-/chokidar-4.0.0.tgz#4d603963e5dd762dc5c7bb1cb5664e53a3002225"
  integrity sha512-mxIojEAQcuEvT/lyXq+jf/3cO/KoA6z4CeNDGGevTybECPOMFCnQy3OPahluUkbqgPNGw5Bi78UC7Po6Lhy+NA==
  dependencies:
    readdirp "^4.0.1"

esbuild@^0.25.5:
  version "0.25.7"
  resolved "https://registry.yarnpkg.com/esbuild/-/esbuild-0.25.7.tgz#edca865a0f533b0907b224b8530108fce2dd400c"
  integrity sha512-daJB0q2dmTzo90L9NjRaohhRWrCzYxWNFTjEi72/h+p5DcY3yn4MacWfDakHmaBaDzDiuLJsCh0+6LK/iX+c+Q==
  optionalDependencies:
    "@esbuild/aix-ppc64" "0.25.7"
    "@esbuild/android-arm" "0.25.7"
    "@esbuild/android-arm64" "0.25.7"
    "@esbuild/android-x64" "0.25.7"
    "@esbuild/darwin-arm64" "0.25.7"
    "@esbuild/darwin-x64" "0.25.7"
    "@esbuild/freebsd-arm64" "0.25.7"
    "@esbuild/freebsd-x64" "0.25.7"
    "@esbuild/linux-arm" "0.25.7"
    "@esbuild/linux-arm64" "0.25.7"
    "@esbuild/linux-ia32" "0.25.7"
    "@esbuild/linux-loong64" "0.25.7"
    "@esbuild/linux-mips64el" "0.25.7"
    "@esbuild/linux-ppc64" "0.25.7"
    "@esbuild/linux-riscv64" "0.25.7"
    "@esbuild/linux-s390x" "0.25.7"
    "@esbuild/linux-x64" "0.25.7"
    "@esbuild/netbsd-arm64" "0.25.7"
    "@esbuild/netbsd-x64" "0.25.7"
    "@esbuild/openbsd-arm64" "0.25.7"
    "@esbuild/openbsd-x64" "0.25.7"
    "@esbuild/openharmony-arm64" "0.25.7"
    "@esbuild/sunos-x64" "0.25.7"
    "@esbuild/win32-arm64" "0.25.7"
    "@esbuild/win32-ia32" "0.25.7"
    "@esbuild/win32-x64" "0.25.7"

govuk-frontend@^5.2.0:
  version "5.7.1"
  resolved "https://registry.yarnpkg.com/govuk-frontend/-/govuk-frontend-5.7.1.tgz#d4c561ebf8c0b76130f31df8c2e4d70d340cd63f"
  integrity sha512-jF1cq5rn57kxZmJRprUZhTQ31zaBBK4b5AyeJaPX3Yhg22lk90Mx/dQLvOk/ycV3wM7e0y+s4IPvb2fFaPlCGg==

immutable@^4.0.0:
  version "4.3.7"
  resolved "https://registry.yarnpkg.com/immutable/-/immutable-4.3.7.tgz#c70145fc90d89fb02021e65c84eb0226e4e5a381"
  integrity sha512-1hqclzwYwjRDFLjcFxOM5AYkkG0rpFPpr1RLPMEuGczoS7YA8gLhy8SWXYRAA/XwfEHpfo3cw5JGioS32fnMRw==

readdirp@^4.0.1:
  version "4.0.1"
  resolved "https://registry.yarnpkg.com/readdirp/-/readdirp-4.0.1.tgz#b2fe35f8dca63183cd3b86883ecc8f720ea96ae6"
  integrity sha512-GkMg9uOTpIWWKbSsgwb5fA4EavTR+SG/PMPoAY8hkhHfEEY0/vqljY+XHqtDf2cr2IJtoNRDbrrEpZUiZCkYRw==

sass@^1.79.1:
  version "1.79.1"
  resolved "https://registry.yarnpkg.com/sass/-/sass-1.79.1.tgz#0c572e8f09cc4095c27077567f78dbb9b3dceeb2"
  integrity sha512-+mA7svoNKeL0DiJqZGeR/ZGUu8he4I8o3jyUcOFyo4eBJrwNgIMmAEwCMo/N2Y3wdjOBcRzoNxZIOtrtMX8EXg==
  dependencies:
    chokidar "^4.0.0"
    immutable "^4.0.0"
    source-map-js ">=0.6.2 <2.0.0"

"source-map-js@>=0.6.2 <2.0.0":
  version "1.2.1"
  resolved "https://registry.yarnpkg.com/source-map-js/-/source-map-js-1.2.1.tgz#1ce5650fddd87abc099eda37dcff024c2667ae46"
  integrity sha512-UXWMKhLOwVKb728IUtQPXxfYU+usdybtUrK/8uGE8CQMvrhOpwvzDBwj0QhSL7MQc7vIsISBG8VQ8+IDQxpfQA==
